// !$*UTF8*$!
{
	archiveVersion = 1;
	classes = {
	};
	objectVersion = 46;
	objects = {

/* Begin PBXBuildFile section */
		08C73BAD1F22021100CC31CB /* AppDelegate.swift in Sources */ = {isa = PBXBuildFile; fileRef = 08C73BAC1F22021100CC31CB /* AppDelegate.swift */; };
		08C73BAF1F22021100CC31CB /* ViewController.swift in Sources */ = {isa = PBXBuildFile; fileRef = 08C73BAE1F22021100CC31CB /* ViewController.swift */; };
		08C73BB21F22021100CC31CB /* Main.storyboard in Resources */ = {isa = PBXBuildFile; fileRef = 08C73BB01F22021100CC31CB /* Main.storyboard */; };
		08C73BB41F22021100CC31CB /* Assets.xcassets in Resources */ = {isa = PBXBuildFile; fileRef = 08C73BB31F22021100CC31CB /* Assets.xcassets */; };
		08C73BB71F22021100CC31CB /* LaunchScreen.storyboard in Resources */ = {isa = PBXBuildFile; fileRef = 08C73BB51F22021100CC31CB /* LaunchScreen.storyboard */; };
		08C73BBF1F2202C900CC31CB /* clock.png in Resources */ = {isa = PBXBuildFile; fileRef = 08C73BBE1F2202C900CC31CB /* clock.png */; };
/* End PBXBuildFile section */

/* Begin PBXFileReference section */
		08C73BA91F22021100CC31CB /* Clock-Swift.app */ = {isa = PBXFileReference; explicitFileType = wrapper.application; includeInIndex = 0; path = "Clock-Swift.app"; sourceTree = BUILT_PRODUCTS_DIR; };
		08C73BAC1F22021100CC31CB /* AppDelegate.swift */ = {isa = PBXFileReference; lastKnownFileType = sourcecode.swift; path = AppDelegate.swift; sourceTree = "<group>"; };
		08C73BAE1F22021100CC31CB /* ViewController.swift */ = {isa = PBXFileReference; lastKnownFileType = sourcecode.swift; path = ViewController.swift; sourceTree = "<group>"; };
		08C73BB11F22021100CC31CB /* Base */ = {isa = PBXFileReference; lastKnownFileType = file.storyboard; name = Base; path = Base.lproj/Main.storyboard; sourceTree = "<group>"; };
		08C73BB31F22021100CC31CB /* Assets.xcassets */ = {isa = PBXFileReference; lastKnownFileType = folder.assetcatalog; path = Assets.xcassets; sourceTree = "<group>"; };
		08C73BB61F22021100CC31CB /* Base */ = {isa = PBXFileReference; lastKnownFileType = file.storyboard; name = Base; path = Base.lproj/LaunchScreen.storyboard; sourceTree = "<group>"; };
		08C73BB81F22021100CC31CB /* Info.plist */ = {isa = PBXFileReference; lastKnownFileType = text.plist.xml; path = Info.plist; sourceTree = "<group>"; };
		08C73BBE1F2202C900CC31CB /* clock.png */ = {isa = PBXFileReference; lastKnownFileType = image.png; path = clock.png; sourceTree = "<group>"; };
/* End PBXFileReference section */

/* Begin PBXFrameworksBuildPhase section */
		08C73BA61F22021100CC31CB /* Frameworks */ = {
			isa = PBXFrameworksBuildPhase;
			buildActionMask = 2147483647;
			files = (
			);
			runOnlyForDeploymentPostprocessing = 0;
		};
/* End PBXFrameworksBuildPhase section */

/* Begin PBXGroup section */
		08C73BA01F22021100CC31CB = {
			isa = PBXGroup;
			children = (
				08C73BAB1F22021100CC31CB /* Clock-Swift */,
				08C73BAA1F22021100CC31CB /* Products */,
			);
			sourceTree = "<group>";
		};
		08C73BAA1F22021100CC31CB /* Products */ = {
			isa = PBXGroup;
			children = (
				08C73BA91F22021100CC31CB /* Clock-Swift.app */,
			);
			name = Products;
			sourceTree = "<group>";
		};
		08C73BAB1F22021100CC31CB /* Clock-Swift */ = {
			isa = PBXGroup;
			children = (
				08C73BBE1F2202C900CC31CB /* clock.png */,
				08C73BAC1F22021100CC31CB /* AppDelegate.swift */,
				08C73BAE1F22021100CC31CB /* ViewController.swift */,
				08C73BB01F22021100CC31CB /* Main.storyboard */,
				08C73BB31F22021100CC31CB /* Assets.xcassets */,
				08C73BB51F22021100CC31CB /* LaunchScreen.storyboard */,
				08C73BB81F22021100CC31CB /* Info.plist */,
			);
			path = "Clock-Swift";
			sourceTree = "<group>";
		};
/* End PBXGroup section */

/* Begin PBXNativeTarget section */
		08C73BA81F22021100CC31CB /* Clock-Swift */ = {
			isa = PBXNativeTarget;
			buildConfigurationList = 08C73BBB1F22021100CC31CB /* Build configuration list for PBXNativeTarget "Clock-Swift" */;
			buildPhases = (
				08C73BA51F22021100CC31CB /* Sources */,
				08C73BA61F22021100CC31CB /* Frameworks */,
				08C73BA71F22021100CC31CB /* Resources */,
			);
			buildRules = (
			);
			dependencies = (
			);
			name = "Clock-Swift";
			productName = "Clock-Swift";
			productReference = 08C73BA91F22021100CC31CB /* Clock-Swift.app */;
			productType = "com.apple.product-type.application";
		};
/* End PBXNativeTarget section */

/* Begin PBXProject section */
		08C73BA11F22021100CC31CB /* Project object */ = {
			isa = PBXProject;
			attributes = {
				LastSwiftUpdateCheck = 0830;
				LastUpgradeCheck = 0830;
				ORGANIZATIONNAME = Lin_Crazy;
				TargetAttributes = {
					08C73BA81F22021100CC31CB = {
						CreatedOnToolsVersion = 8.3.3;
						DevelopmentTeam = TG8C9T44B5;
						ProvisioningStyle = Automatic;
					};
				};
			};
			buildConfigurationList = 08C73BA41F22021100CC31CB /* Build configuration list for PBXProject "Clock-Swift" */;
			compatibilityVersion = "Xcode 3.2";
			developmentRegion = English;
			hasScannedForEncodings = 0;
			knownRegions = (
				en,
				Base,
			);
			mainGroup = 08C73BA01F22021100CC31CB;
			productRefGroup = 08C73BAA1F22021100CC31CB /* Products */;
			projectDirPath = "";
			projectRoot = "";
			targets = (
				08C73BA81F22021100CC31CB /* Clock-Swift */,
			);
		};
/* End PBXProject section */

/* Begin PBXResourcesBuildPhase section */
		08C73BA71F22021100CC31CB /* Resources */ = {
			isa = PBXResourcesBuildPhase;
			buildActionMask = 2147483647;
			files = (
				08C73BBF1F2202C900CC31CB /* clock.png in Resources */,
				08C73BB71F22021100CC31CB /* LaunchScreen.storyboard in Resources */,
				08C73BB41F22021100CC31CB /* Assets.xcassets in Resources */,
				08C73BB21F22021100CC31CB /* Main.storyboard in Resources */,
			);
			runOnlyForDeploymentPostprocessing = 0;
		};
/* End PBXResourcesBuildPhase section */

/* Begin PBXSourcesBuildPhase section */
		08C73BA51F22021100CC31CB /* Sources */ = {
			isa = PBXSourcesBuildPhase;
			buildActionMask = 2147483647;
			files = (
				08C73BAF1F22021100CC31CB /* ViewController.swift in Sources */,
				08C73BAD1F22021100CC31CB /* AppDelegate.swift in Sources */,
			);
			runOnlyForDeploymentPostprocessing = 0;
		};
/* End PBXSourcesBuildPhase section */

/* Begin PBXVariantGroup section */
		08C73BB01F22021100CC31CB /* Main.storyboard */ = {
			isa = PBXVariantGroup;
			children = (
				08C73BB11F22021100CC31CB /* Base */,
			);
			name = Main.storyboard;
			sourceTree = "<group>";
		};
		08C73BB51F22021100CC31CB /* LaunchScreen.storyboard */ = {
			isa = PBXVariantGroup;
			children = (
				08C73BB61F22021100CC31CB /* Base */,
			);
			name = LaunchScreen.storyboard;
			sourceTree = "<group>";
		};
/* End PBXVariantGroup section */

/* Begin XCBuildConfiguration section */
		08C73BB91F22021100CC31CB /* Debug */ = {
			isa = XCBuildConfiguration;
			buildSettings = {
				ALWAYS_SEARCH_USER_PATHS = NO;
				CLANG_ANALYZER_NONNULL = YES;
				CLANG_ANALYZER_NUMBER_OBJECT_CONVERSION = YES_AGGRESSIVE;
				CLANG_CXX_LANGUAGE_STANDARD = "gnu++0x";
				CLANG_CXX_LIBRARY = "libc++";
				CLANG_ENABLE_MODULES = YES;
				CLANG_ENABLE_OBJC_ARC = YES;
				CLANG_WARN_BOOL_CONVERSION = YES;
				CLANG_WARN_CONSTANT_CONVERSION = YES;
				CLANG_WARN_DIRECT_OBJC_ISA_USAGE = YES_ERROR;
				CLANG_WARN_DOCUMENTATION_COMMENTS = YES;
				CLANG_WARN_EMPTY_BODY = YES;
				CLANG_WARN_ENUM_CONVERSION = YES;
				CLANG_WARN_INFINITE_RECURSION = YES;
				CLANG_WARN_INT_CONVERSION = YES;
				CLANG_WARN_OBJC_ROOT_CLASS = YES_ERROR;
				CLANG_WARN_SUSPICIOUS_MOVE = YES;
				CLANG_WARN_UNREACHABLE_CODE = YES;
				CLANG_WARN__DUPLICATE_METHOD_MATCH = YES;
				"CODE_SIGN_IDENTITY[sdk=iphoneos*]" = "iPhone Developer";
				COPY_PHASE_STRIP = NO;
				DEBUG_INFORMATION_FORMAT = dwarf;
				ENABLE_STRICT_OBJC_MSGSEND = YES;
				ENABLE_TESTABILITY = YES;
				GCC_C_LANGUAGE_STANDARD = gnu99;
				GCC_DYNAMIC_NO_PIC = NO;
				GCC_NO_COMMON_BLOCKS = YES;
				GCC_OPTIMIZATION_LEVEL = 0;
				GCC_PREPROCESSOR_DEFINITIONS = (
					"DEBUG=1",
					"$(inherited)",
				);
				GCC_WARN_64_TO_32_BIT_CONVERSION = YES;
				GCC_WARN_ABOUT_RETURN_TYPE = YES_ERROR;
				GCC_WARN_UNDECLARED_SELECTOR = YES;
				GCC_WARN_UNINITIALIZED_AUTOS = YES_AGGRESSIVE;
				GCC_WARN_UNUSED_FUNCTION = YES;
				GCC_WARN_UNUSED_VARIABLE = YES;
				IPHONEOS_DEPLOYMENT_TARGET = 10.3;
				MTL_ENABLE_DEBUG_INFO = YES;
				ONLY_ACTIVE_ARCH = YES;
				SDKROOT = iphoneos;
				SWIFT_ACTIVE_COMPILATION_CONDITIONS = DEBUG;
				SWIFT_OPTIMIZATION_LEVEL = "-Onone";
			};
			name = Debug;
		};
		08C73BBA1F22021100CC31CB /* Release */ = {
			isa = XCBuildConfiguration;
			buildSettings = {
				ALWAYS_SEARCH_USER_PATHS = NO;
				CLANG_ANALYZER_NONNULL = YES;
				CLANG_ANALYZER_NUMBER_OBJECT_CONVERSION = YES_AGGRESSIVE;
				CLANG_CXX_LANGUAGE_STANDARD = "gnu++0x";
				CLANG_CXX_LIBRARY = "libc++";
				CLANG_ENABLE_MODULES = YES;
				CLANG_ENABLE_OBJC_ARC = YES;
				CLANG_WARN_BOOL_CONVERSION = YES;
				CLANG_WARN_CONSTANT_CONVERSION = YES;
				CLANG_WARN_DIRECT_OBJC_ISA_USAGE = YES_ERROR;
				CLANG_WARN_DOCUMENTATION_COMMENTS = YES;
				CLANG_WARN_EMPTY_BODY = YES;
				CLANG_WARN_ENUM_CONVERSION = YES;
				CLANG_WARN_INFINITE_RECURSION = YES;
				CLANG_WARN_INT_CONVERSION = YES;
				CLANG_WARN_OBJC_ROOT_CLASS = YES_ERROR;
				CLANG_WARN_SUSPICIOUS_MOVE = YES;
				CLANG_WARN_UNREACHABLE_CODE = YES;
				CLANG_WARN__DUPLICATE_METHOD_MATCH = YES;
				"CODE_SIGN_IDENTITY[sdk=iphoneos*]" = "iPhone Developer";
				COPY_PHASE_STRIP = NO;
				DEBUG_INFORMATION_FORMAT = "dwarf-with-dsym";
				ENABLE_NS_ASSERTIONS = NO;
				ENABLE_STRICT_OBJC_MSGSEND = YES;
				GCC_C_LANGUAGE_STANDARD = gnu99;
				GCC_NO_COMMON_BLOCKS = YES;
				GCC_WARN_64_TO_32_BIT_CONVERSION = YES;
				GCC_WARN_ABOUT_RETURN_TYPE = YES_ERROR;
				GCC_WARN_UNDECLARED_SELECTOR = YES;
				GCC_WARN_UNINITIALIZED_AUTOS = YES_AGGRESSIVE;
				GCC_WARN_UNUSED_FUNCTION = YES;
				GCC_WARN_UNUSED_VARIABLE = YES;
				IPHONEOS_DEPLOYMENT_TARGET = 10.3;
				MTL_ENABLE_DEBUG_INFO = NO;
				SDKROOT = iphoneos;
				SWIFT_OPTIMIZATION_LEVEL = "-Owholemodule";
				VALIDATE_PRODUCT = YES;
			};
			name = Release;
		};
		08C73BBC1F22021100CC31CB /* Debug */ = {
			isa = XCBuildConfiguration;
			buildSettings = {
				ASSETCATALOG_COMPILER_APPICON_NAME = AppIcon;
				DEVELOPMENT_TEAM = TG8C9T44B5;
				INFOPLIST_FILE = "Clock-Swift/Info.plist";
				LD_RUNPATH_SEARCH_PATHS = "$(inherited) @executable_path/Frameworks";
				PRODUCT_BUNDLE_IDENTIFIER = "com.LinCrazy.Clock-Swift";
				PRODUCT_NAME = "$(TARGET_NAME)";
				SWIFT_VERSION = 3.0;
			};
			name = Debug;
		};
		08C73BBD1F22021100CC31CB /* Release */ = {
			isa = XCBuildConfiguration;
			buildSettings = {
				ASSETCATALOG_COMPILER_APPICON_NAME = AppIcon;
				DEVELOPMENT_TEAM = TG8C9T44B5;
				INFOPLIST_FILE = "Clock-Swift/Info.plist";
				LD_RUNPATH_SEARCH_PATHS = "$(inherited) @executable_path/Frameworks";
				PRODUCT_BUNDLE_IDENTIFIER = "com.LinCrazy.Clock-Swift";
				PRODUCT_NAME = "$(TARGET_NAME)";
				SWIFT_VERSION = 3.0;
			};
			name = Release;
		};
/* End XCBuildConfiguration section */

/* Begin XCConfigurationList section */
		08C73BA41F22021100CC31CB /* Build configuration list for PBXProject "Clock-Swift" */ = {
			isa = XCConfigurationList;
			buildConfigurations = (
				08C73BB91F22021100CC31CB /* Debug */,
				08C73BBA1F22021100CC31CB /* Release */,
			);
			defaultConfigurationIsVisible = 0;
			defaultConfigurationName = Release;
		};
		08C73BBB1F22021100CC31CB /* Build configuration list for PBXNativeTarget "Clock-Swift" */ = {
			isa = XCConfigurationList;
			buildConfigurations = (
				08C73BBC1F22021100CC31CB /* Debug */,
				08C73BBD1F22021100CC31CB /* Release */,
			);
			defaultConfigurationIsVisible = 0;
			defaultConfigurationName = Release;
		};
/* End XCConfigurationList section */
	};
	rootObject = 08C73BA11F22021100CC31CB /* Project object */;
}
